{
  "requires": true,
  "lockfileVersion": 1,
  "dependencies": {
    "ng-giphy": {
      "version": "1.0.3",
      "resolved": "https://registry.npmjs.org/ng-giphy/-/ng-giphy-1.0.3.tgz",
      "integrity": "sha512-h2RZujhUwBhyWAj9huMzheFBe57IOnJ159MRg6jZssI7qY84tzpIoBZvYXgoXaBhqBi9vbnDMB5UxcVD3omuWw=="
    }
  }
}
